
Microsoft Visual Studio Solution File, Format Version 12.00
# Visual Studio Version 17
VisualStudioVersion = 17.8.34511.84
MinimumVisualStudioVersion = 10.0.40219.1
Project("{9A19103F-16F7-4668-BE54-9A1E7A4F7556}") = "Renteal_Car", "Renteal_Car\Renteal_Car.csproj", "{70E323E8-64F4-4A41-B484-EA545C378131}"
EndProject
Global
	GlobalSection(SolutionConfigurationPlatforms) = preSolution
		Debug|Any CPU = Debug|Any CPU
		Release|Any CPU = Release|Any CPU
	EndGlobalSection
	GlobalSection(ProjectConfigurationPlatforms) = postSolution
		{70E323E8-64F4-4A41-B484-EA545C378131}.Debug|Any CPU.ActiveCfg = Debug|Any CPU
		{70E323E8-64F4-4A41-B484-EA545C378131}.Debug|Any CPU.Build.0 = Debug|Any CPU
		{70E323E8-64F4-4A41-B484-EA545C378131}.Release|Any CPU.ActiveCfg = Release|Any CPU
		{70E323E8-64F4-4A41-B484-EA545C378131}.Release|Any CPU.Build.0 = Release|Any CPU
	EndGlobalSection
	GlobalSection(SolutionProperties) = preSolution
		HideSolutionNode = FALSE
	EndGlobalSection
	GlobalSection(ExtensibilityGlobals) = postSolution
		SolutionGuid = {247CB5FD-5E11-4BEC-B544-5BB200A1F192}
	EndGlobalSection
EndGlobal
